
Microsoft Visual Studio Solution File, Format Version 12.00
# Visual Studio 2012
Project("{FAE04EC0-301F-11D3-BF4B-00C04F79EFBC}") = "PhanMemThiTracNghiem", "PhanMemThiTracNghiem\PhanMemThiTracNghiem.csproj", "{DEAF25B4-7436-46E5-B6A8-F49AE9CC3CBA}"
EndProject
Global
	GlobalSection(SolutionConfigurationPlatforms) = preSolution
		Debug|Any CPU = Debug|Any CPU
		Release|Any CPU = Release|Any CPU
	EndGlobalSection
	GlobalSection(ProjectConfigurationPlatforms) = postSolution
		{DEAF25B4-7436-46E5-B6A8-F49AE9CC3CBA}.Debug|Any CPU.ActiveCfg = Debug|Any CPU
		{DEAF25B4-7436-46E5-B6A8-F49AE9CC3CBA}.Debug|Any CPU.Build.0 = Debug|Any CPU
		{DEAF25B4-7436-46E5-B6A8-F49AE9CC3CBA}.Release|Any CPU.ActiveCfg = Release|Any CPU
		{DEAF25B4-7436-46E5-B6A8-F49AE9CC3CBA}.Release|Any CPU.Build.0 = Release|Any CPU
	EndGlobalSection
	GlobalSection(SolutionProperties) = preSolution
		HideSolutionNode = FALSE
	EndGlobalSection
EndGlobal
